
Microsoft Visual Studio Solution File, Format Version 12.00
# Visual Studio Version 17
VisualStudioVersion = 17.8.34525.116
MinimumVisualStudioVersion = 10.0.40219.1
Project("{9A19103F-16F7-4668-BE54-9A1E7A4F7556}") = "Variables", "Variables\Variables.csproj", "{11CBABE3-5200-435F-BFDB-C7F5F9E88C50}"
EndProject
Project("{9A19103F-16F7-4668-BE54-9A1E7A4F7556}") = "Arguments", "Arguments\Arguments.csproj", "{0CD334BA-DD67-48AE-9DE4-5D5032C05D3F}"
EndProject
Project("{9A19103F-16F7-4668-BE54-9A1E7A4F7556}") = "LangAndCompilerVersions", "LangAndCompilerVersions\LangAndCompilerVersions.csproj", "{112BD578-0AAB-456C-8A51-3C27F90F9542}"
EndProject
Project("{9A19103F-16F7-4668-BE54-9A1E7A4F7556}") = "Numbers", "Numbers\Numbers.csproj", "{59C0D97F-6A68-4772-871C-7C772D5C038B}"
EndProject
Project("{9A19103F-16F7-4668-BE54-9A1E7A4F7556}") = "Formatting", "Formatting\Formatting.csproj", "{C317BAF8-EF61-4A72-B048-23ED28A8EE9B}"
EndProject
Project("{FAE04EC0-301F-11D3-BF4B-00C04F79EFBC}") = "Exercise03", "Exercise03\Exercise03.csproj", "{C40DEE34-215C-4A3A-A52C-5B1122AAD729}"
EndProject
Global
	GlobalSection(SolutionConfigurationPlatforms) = preSolution
		Debug|Any CPU = Debug|Any CPU
		Release|Any CPU = Release|Any CPU
	EndGlobalSection
	GlobalSection(ProjectConfigurationPlatforms) = postSolution
		{11CBABE3-5200-435F-BFDB-C7F5F9E88C50}.Debug|Any CPU.ActiveCfg = Debug|Any CPU
		{11CBABE3-5200-435F-BFDB-C7F5F9E88C50}.Debug|Any CPU.Build.0 = Debug|Any CPU
		{11CBABE3-5200-435F-BFDB-C7F5F9E88C50}.Release|Any CPU.ActiveCfg = Release|Any CPU
		{11CBABE3-5200-435F-BFDB-C7F5F9E88C50}.Release|Any CPU.Build.0 = Release|Any CPU
		{0CD334BA-DD67-48AE-9DE4-5D5032C05D3F}.Debug|Any CPU.ActiveCfg = Debug|Any CPU
		{0CD334BA-DD67-48AE-9DE4-5D5032C05D3F}.Debug|Any CPU.Build.0 = Debug|Any CPU
		{0CD334BA-DD67-48AE-9DE4-5D5032C05D3F}.Release|Any CPU.ActiveCfg = Release|Any CPU
		{0CD334BA-DD67-48AE-9DE4-5D5032C05D3F}.Release|Any CPU.Build.0 = Release|Any CPU
		{112BD578-0AAB-456C-8A51-3C27F90F9542}.Debug|Any CPU.ActiveCfg = Debug|Any CPU
		{112BD578-0AAB-456C-8A51-3C27F90F9542}.Debug|Any CPU.Build.0 = Debug|Any CPU
		{112BD578-0AAB-456C-8A51-3C27F90F9542}.Release|Any CPU.ActiveCfg = Release|Any CPU
		{112BD578-0AAB-456C-8A51-3C27F90F9542}.Release|Any CPU.Build.0 = Release|Any CPU
		{59C0D97F-6A68-4772-871C-7C772D5C038B}.Debug|Any CPU.ActiveCfg = Debug|Any CPU
		{59C0D97F-6A68-4772-871C-7C772D5C038B}.Debug|Any CPU.Build.0 = Debug|Any CPU
		{59C0D97F-6A68-4772-871C-7C772D5C038B}.Release|Any CPU.ActiveCfg = Release|Any CPU
		{59C0D97F-6A68-4772-871C-7C772D5C038B}.Release|Any CPU.Build.0 = Release|Any CPU
		{C317BAF8-EF61-4A72-B048-23ED28A8EE9B}.Debug|Any CPU.ActiveCfg = Debug|Any CPU
		{C317BAF8-EF61-4A72-B048-23ED28A8EE9B}.Debug|Any CPU.Build.0 = Debug|Any CPU
		{C317BAF8-EF61-4A72-B048-23ED28A8EE9B}.Release|Any CPU.ActiveCfg = Release|Any CPU
		{C317BAF8-EF61-4A72-B048-23ED28A8EE9B}.Release|Any CPU.Build.0 = Release|Any CPU
		{C40DEE34-215C-4A3A-A52C-5B1122AAD729}.Debug|Any CPU.ActiveCfg = Debug|Any CPU
		{C40DEE34-215C-4A3A-A52C-5B1122AAD729}.Debug|Any CPU.Build.0 = Debug|Any CPU
		{C40DEE34-215C-4A3A-A52C-5B1122AAD729}.Release|Any CPU.ActiveCfg = Release|Any CPU
		{C40DEE34-215C-4A3A-A52C-5B1122AAD729}.Release|Any CPU.Build.0 = Release|Any CPU
	EndGlobalSection
	GlobalSection(SolutionProperties) = preSolution
		HideSolutionNode = FALSE
	EndGlobalSection
	GlobalSection(ExtensibilityGlobals) = postSolution
		SolutionGuid = {1F2004CB-31C3-4A68-BDC7-AA50D5839EB0}
	EndGlobalSection
EndGlobal
